// !$*UTF8*$!
{
	archiveVersion = 1;
	classes = {
	};
	objectVersion = 46;
	objects = {

/* Begin PBXBuildFile section */
		0C7454FB19F07051000F211D /* RKULeftView.swift in Sources */ = {isa = PBXBuildFile; fileRef = 0C7454FA19F07051000F211D /* RKULeftView.swift */; };
		0C7454FD19F2926D000F211D /* TestTextField.swift in Sources */ = {isa = PBXBuildFile; fileRef = 0C7454FC19F2926D000F211D /* TestTextField.swift */; };
		0C7454FF19F2951D000F211D /* TestView.swift in Sources */ = {isa = PBXBuildFile; fileRef = 0C7454FE19F2951D000F211D /* TestView.swift */; };
		0C74550119F29879000F211D /* ControlsTableViewController.swift in Sources */ = {isa = PBXBuildFile; fileRef = 0C74550019F29879000F211D /* ControlsTableViewController.swift */; };
		0C77432A19D0A926004FC08A /* main.m in Sources */ = {isa = PBXBuildFile; fileRef = 0C77432919D0A926004FC08A /* main.m */; };
		0C77432D19D0A926004FC08A /* AppDelegate.m in Sources */ = {isa = PBXBuildFile; fileRef = 0C77432C19D0A926004FC08A /* AppDelegate.m */; };
		0C77433019D0A926004FC08A /* PhotoFilters.xcdatamodeld in Sources */ = {isa = PBXBuildFile; fileRef = 0C77432E19D0A926004FC08A /* PhotoFilters.xcdatamodeld */; };
		0C77433319D0A926004FC08A /* RKULoginViewController.m in Sources */ = {isa = PBXBuildFile; fileRef = 0C77433219D0A926004FC08A /* RKULoginViewController.m */; };
		0C77433619D0A926004FC08A /* Main.storyboard in Resources */ = {isa = PBXBuildFile; fileRef = 0C77433419D0A926004FC08A /* Main.storyboard */; };
		0C77433819D0A926004FC08A /* Images.xcassets in Resources */ = {isa = PBXBuildFile; fileRef = 0C77433719D0A926004FC08A /* Images.xcassets */; };
		0C77433B19D0A926004FC08A /* LaunchScreen.xib in Resources */ = {isa = PBXBuildFile; fileRef = 0C77433919D0A926004FC08A /* LaunchScreen.xib */; };
		0C77434719D0A926004FC08A /* PhotoFiltersTests.m in Sources */ = {isa = PBXBuildFile; fileRef = 0C77434619D0A926004FC08A /* PhotoFiltersTests.m */; };
		0CAE68A819D235AF0009365B /* RKUTextField.swift in Sources */ = {isa = PBXBuildFile; fileRef = 0CAE68A719D235AF0009365B /* RKUTextField.swift */; };
/* End PBXBuildFile section */

/* Begin PBXContainerItemProxy section */
		0C77434119D0A926004FC08A /* PBXContainerItemProxy */ = {
			isa = PBXContainerItemProxy;
			containerPortal = 0C77431C19D0A926004FC08A /* Project object */;
			proxyType = 1;
			remoteGlobalIDString = 0C77432319D0A926004FC08A;
			remoteInfo = PhotoFilters;
		};
/* End PBXContainerItemProxy section */

/* Begin PBXFileReference section */
		0C7454FA19F07051000F211D /* RKULeftView.swift */ = {isa = PBXFileReference; fileEncoding = 4; lastKnownFileType = sourcecode.swift; path = RKULeftView.swift; sourceTree = "<group>"; };
		0C7454FC19F2926D000F211D /* TestTextField.swift */ = {isa = PBXFileReference; fileEncoding = 4; lastKnownFileType = sourcecode.swift; path = TestTextField.swift; sourceTree = "<group>"; };
		0C7454FE19F2951D000F211D /* TestView.swift */ = {isa = PBXFileReference; fileEncoding = 4; lastKnownFileType = sourcecode.swift; path = TestView.swift; sourceTree = "<group>"; };
		0C74550019F29879000F211D /* ControlsTableViewController.swift */ = {isa = PBXFileReference; fileEncoding = 4; lastKnownFileType = sourcecode.swift; path = ControlsTableViewController.swift; sourceTree = "<group>"; };
		0C77432419D0A926004FC08A /* PhotoFilters.app */ = {isa = PBXFileReference; explicitFileType = wrapper.application; includeInIndex = 0; path = PhotoFilters.app; sourceTree = BUILT_PRODUCTS_DIR; };
		0C77432819D0A926004FC08A /* Info.plist */ = {isa = PBXFileReference; lastKnownFileType = text.plist.xml; path = Info.plist; sourceTree = "<group>"; };
		0C77432919D0A926004FC08A /* main.m */ = {isa = PBXFileReference; lastKnownFileType = sourcecode.c.objc; path = main.m; sourceTree = "<group>"; };
		0C77432B19D0A926004FC08A /* AppDelegate.h */ = {isa = PBXFileReference; lastKnownFileType = sourcecode.c.h; path = AppDelegate.h; sourceTree = "<group>"; };
		0C77432C19D0A926004FC08A /* AppDelegate.m */ = {isa = PBXFileReference; lastKnownFileType = sourcecode.c.objc; path = AppDelegate.m; sourceTree = "<group>"; };
		0C77432F19D0A926004FC08A /* PhotoFilters.xcdatamodel */ = {isa = PBXFileReference; lastKnownFileType = wrapper.xcdatamodel; path = PhotoFilters.xcdatamodel; sourceTree = "<group>"; };
		0C77433119D0A926004FC08A /* RKULoginViewController.h */ = {isa = PBXFileReference; lastKnownFileType = sourcecode.c.h; path = RKULoginViewController.h; sourceTree = "<group>"; };
		0C77433219D0A926004FC08A /* RKULoginViewController.m */ = {isa = PBXFileReference; lastKnownFileType = sourcecode.c.objc; path = RKULoginViewController.m; sourceTree = "<group>"; };
		0C77433519D0A926004FC08A /* Base */ = {isa = PBXFileReference; lastKnownFileType = file.storyboard; name = Base; path = Base.lproj/Main.storyboard; sourceTree = "<group>"; };
		0C77433719D0A926004FC08A /* Images.xcassets */ = {isa = PBXFileReference; lastKnownFileType = folder.assetcatalog; path = Images.xcassets; sourceTree = "<group>"; };
		0C77433A19D0A926004FC08A /* Base */ = {isa = PBXFileReference; lastKnownFileType = file.xib; name = Base; path = Base.lproj/LaunchScreen.xib; sourceTree = "<group>"; };
		0C77434019D0A926004FC08A /* PhotoFiltersTests.xctest */ = {isa = PBXFileReference; explicitFileType = wrapper.cfbundle; includeInIndex = 0; path = PhotoFiltersTests.xctest; sourceTree = BUILT_PRODUCTS_DIR; };
		0C77434519D0A926004FC08A /* Info.plist */ = {isa = PBXFileReference; lastKnownFileType = text.plist.xml; path = Info.plist; sourceTree = "<group>"; };
		0C77434619D0A926004FC08A /* PhotoFiltersTests.m */ = {isa = PBXFileReference; lastKnownFileType = sourcecode.c.objc; path = PhotoFiltersTests.m; sourceTree = "<group>"; };
		0CAE68A619D235AF0009365B /* PhotoFilters-Bridging-Header.h */ = {isa = PBXFileReference; lastKnownFileType = sourcecode.c.h; path = "PhotoFilters-Bridging-Header.h"; sourceTree = "<group>"; };
		0CAE68A719D235AF0009365B /* RKUTextField.swift */ = {isa = PBXFileReference; fileEncoding = 4; lastKnownFileType = sourcecode.swift; path = RKUTextField.swift; sourceTree = "<group>"; };
/* End PBXFileReference section */

/* Begin PBXFrameworksBuildPhase section */
		0C77432119D0A926004FC08A /* Frameworks */ = {
			isa = PBXFrameworksBuildPhase;
			buildActionMask = 2147483647;
			files = (
			);
			runOnlyForDeploymentPostprocessing = 0;
		};
		0C77433D19D0A926004FC08A /* Frameworks */ = {
			isa = PBXFrameworksBuildPhase;
			buildActionMask = 2147483647;
			files = (
			);
			runOnlyForDeploymentPostprocessing = 0;
		};
/* End PBXFrameworksBuildPhase section */

/* Begin PBXGroup section */
		0C77431B19D0A926004FC08A = {
			isa = PBXGroup;
			children = (
				0C77432619D0A926004FC08A /* PhotoFilters */,
				0C77434319D0A926004FC08A /* PhotoFiltersTests */,
				0C77432519D0A926004FC08A /* Products */,
			);
			sourceTree = "<group>";
		};
		0C77432519D0A926004FC08A /* Products */ = {
			isa = PBXGroup;
			children = (
				0C77432419D0A926004FC08A /* PhotoFilters.app */,
				0C77434019D0A926004FC08A /* PhotoFiltersTests.xctest */,
			);
			name = Products;
			sourceTree = "<group>";
		};
		0C77432619D0A926004FC08A /* PhotoFilters */ = {
			isa = PBXGroup;
			children = (
				0CAE68A519D235510009365B /* Views */,
				0CAE68A419D2352A0009365B /* Controllers */,
				0C77432B19D0A926004FC08A /* AppDelegate.h */,
				0C77432C19D0A926004FC08A /* AppDelegate.m */,
				0C77433419D0A926004FC08A /* Main.storyboard */,
				0C77433719D0A926004FC08A /* Images.xcassets */,
				0C77433919D0A926004FC08A /* LaunchScreen.xib */,
				0C77432E19D0A926004FC08A /* PhotoFilters.xcdatamodeld */,
				0C77432719D0A926004FC08A /* Supporting Files */,
			);
			path = PhotoFilters;
			sourceTree = "<group>";
		};
		0C77432719D0A926004FC08A /* Supporting Files */ = {
			isa = PBXGroup;
			children = (
				0C77432819D0A926004FC08A /* Info.plist */,
				0C77432919D0A926004FC08A /* main.m */,
			);
			name = "Supporting Files";
			sourceTree = "<group>";
		};
		0C77434319D0A926004FC08A /* PhotoFiltersTests */ = {
			isa = PBXGroup;
			children = (
				0C77434619D0A926004FC08A /* PhotoFiltersTests.m */,
				0C77434419D0A926004FC08A /* Supporting Files */,
			);
			path = PhotoFiltersTests;
			sourceTree = "<group>";
		};
		0C77434419D0A926004FC08A /* Supporting Files */ = {
			isa = PBXGroup;
			children = (
				0C77434519D0A926004FC08A /* Info.plist */,
			);
			name = "Supporting Files";
			sourceTree = "<group>";
		};
		0CAE68A419D2352A0009365B /* Controllers */ = {
			isa = PBXGroup;
			children = (
				0C77433119D0A926004FC08A /* RKULoginViewController.h */,
				0C77433219D0A926004FC08A /* RKULoginViewController.m */,
				0C74550019F29879000F211D /* ControlsTableViewController.swift */,
			);
			name = Controllers;
			sourceTree = "<group>";
		};
		0CAE68A519D235510009365B /* Views */ = {
			isa = PBXGroup;
			children = (
				0CAE68A719D235AF0009365B /* RKUTextField.swift */,
				0CAE68A619D235AF0009365B /* PhotoFilters-Bridging-Header.h */,
				0C7454FA19F07051000F211D /* RKULeftView.swift */,
				0C7454FC19F2926D000F211D /* TestTextField.swift */,
				0C7454FE19F2951D000F211D /* TestView.swift */,
			);
			name = Views;
			sourceTree = "<group>";
		};
/* End PBXGroup section */

/* Begin PBXNativeTarget section */
		0C77432319D0A926004FC08A /* PhotoFilters */ = {
			isa = PBXNativeTarget;
			buildConfigurationList = 0C77434A19D0A926004FC08A /* Build configuration list for PBXNativeTarget "PhotoFilters" */;
			buildPhases = (
				0C77432019D0A926004FC08A /* Sources */,
				0C77432119D0A926004FC08A /* Frameworks */,
				0C77432219D0A926004FC08A /* Resources */,
			);
			buildRules = (
			);
			dependencies = (
			);
			name = PhotoFilters;
			productName = PhotoFilters;
			productReference = 0C77432419D0A926004FC08A /* PhotoFilters.app */;
			productType = "com.apple.product-type.application";
		};
		0C77433F19D0A926004FC08A /* PhotoFiltersTests */ = {
			isa = PBXNativeTarget;
			buildConfigurationList = 0C77434D19D0A926004FC08A /* Build configuration list for PBXNativeTarget "PhotoFiltersTests" */;
			buildPhases = (
				0C77433C19D0A926004FC08A /* Sources */,
				0C77433D19D0A926004FC08A /* Frameworks */,
				0C77433E19D0A926004FC08A /* Resources */,
			);
			buildRules = (
			);
			dependencies = (
				0C77434219D0A926004FC08A /* PBXTargetDependency */,
			);
			name = PhotoFiltersTests;
			productName = PhotoFiltersTests;
			productReference = 0C77434019D0A926004FC08A /* PhotoFiltersTests.xctest */;
			productType = "com.apple.product-type.bundle.unit-test";
		};
/* End PBXNativeTarget section */

/* Begin PBXProject section */
		0C77431C19D0A926004FC08A /* Project object */ = {
			isa = PBXProject;
			attributes = {
				LastUpgradeCheck = 0600;
				ORGANIZATIONNAME = "Misael Pérez Chamorro";
				TargetAttributes = {
					0C77432319D0A926004FC08A = {
						CreatedOnToolsVersion = 6.0.1;
					};
					0C77433F19D0A926004FC08A = {
						CreatedOnToolsVersion = 6.0.1;
						TestTargetID = 0C77432319D0A926004FC08A;
					};
				};
			};
			buildConfigurationList = 0C77431F19D0A926004FC08A /* Build configuration list for PBXProject "PhotoFilters" */;
			compatibilityVersion = "Xcode 3.2";
			developmentRegion = English;
			hasScannedForEncodings = 0;
			knownRegions = (
				en,
				Base,
			);
			mainGroup = 0C77431B19D0A926004FC08A;
			productRefGroup = 0C77432519D0A926004FC08A /* Products */;
			projectDirPath = "";
			projectRoot = "";
			targets = (
				0C77432319D0A926004FC08A /* PhotoFilters */,
				0C77433F19D0A926004FC08A /* PhotoFiltersTests */,
			);
		};
/* End PBXProject section */

/* Begin PBXResourcesBuildPhase section */
		0C77432219D0A926004FC08A /* Resources */ = {
			isa = PBXResourcesBuildPhase;
			buildActionMask = 2147483647;
			files = (
				0C77433619D0A926004FC08A /* Main.storyboard in Resources */,
				0C77433B19D0A926004FC08A /* LaunchScreen.xib in Resources */,
				0C77433819D0A926004FC08A /* Images.xcassets in Resources */,
			);
			runOnlyForDeploymentPostprocessing = 0;
		};
		0C77433E19D0A926004FC08A /* Resources */ = {
			isa = PBXResourcesBuildPhase;
			buildActionMask = 2147483647;
			files = (
			);
			runOnlyForDeploymentPostprocessing = 0;
		};
/* End PBXResourcesBuildPhase section */

/* Begin PBXSourcesBuildPhase section */
		0C77432019D0A926004FC08A /* Sources */ = {
			isa = PBXSourcesBuildPhase;
			buildActionMask = 2147483647;
			files = (
				0C7454FB19F07051000F211D /* RKULeftView.swift in Sources */,
				0C77433019D0A926004FC08A /* PhotoFilters.xcdatamodeld in Sources */,
				0C77432D19D0A926004FC08A /* AppDelegate.m in Sources */,
				0C77433319D0A926004FC08A /* RKULoginViewController.m in Sources */,
				0C74550119F29879000F211D /* ControlsTableViewController.swift in Sources */,
				0C7454FF19F2951D000F211D /* TestView.swift in Sources */,
				0C7454FD19F2926D000F211D /* TestTextField.swift in Sources */,
				0C77432A19D0A926004FC08A /* main.m in Sources */,
				0CAE68A819D235AF0009365B /* RKUTextField.swift in Sources */,
			);
			runOnlyForDeploymentPostprocessing = 0;
		};
		0C77433C19D0A926004FC08A /* Sources */ = {
			isa = PBXSourcesBuildPhase;
			buildActionMask = 2147483647;
			files = (
				0C77434719D0A926004FC08A /* PhotoFiltersTests.m in Sources */,
			);
			runOnlyForDeploymentPostprocessing = 0;
		};
/* End PBXSourcesBuildPhase section */

/* Begin PBXTargetDependency section */
		0C77434219D0A926004FC08A /* PBXTargetDependency */ = {
			isa = PBXTargetDependency;
			target = 0C77432319D0A926004FC08A /* PhotoFilters */;
			targetProxy = 0C77434119D0A926004FC08A /* PBXContainerItemProxy */;
		};
/* End PBXTargetDependency section */

/* Begin PBXVariantGroup section */
		0C77433419D0A926004FC08A /* Main.storyboard */ = {
			isa = PBXVariantGroup;
			children = (
				0C77433519D0A926004FC08A /* Base */,
			);
			name = Main.storyboard;
			sourceTree = "<group>";
		};
		0C77433919D0A926004FC08A /* LaunchScreen.xib */ = {
			isa = PBXVariantGroup;
			children = (
				0C77433A19D0A926004FC08A /* Base */,
			);
			name = LaunchScreen.xib;
			sourceTree = "<group>";
		};
/* End PBXVariantGroup section */

/* Begin XCBuildConfiguration section */
		0C77434819D0A926004FC08A /* Debug */ = {
			isa = XCBuildConfiguration;
			buildSettings = {
				ALWAYS_SEARCH_USER_PATHS = NO;
				CLANG_CXX_LANGUAGE_STANDARD = "gnu++0x";
				CLANG_CXX_LIBRARY = "libc++";
				CLANG_ENABLE_MODULES = YES;
				CLANG_ENABLE_OBJC_ARC = YES;
				CLANG_WARN_BOOL_CONVERSION = YES;
				CLANG_WARN_CONSTANT_CONVERSION = YES;
				CLANG_WARN_DIRECT_OBJC_ISA_USAGE = YES_ERROR;
				CLANG_WARN_EMPTY_BODY = YES;
				CLANG_WARN_ENUM_CONVERSION = YES;
				CLANG_WARN_INT_CONVERSION = YES;
				CLANG_WARN_OBJC_ROOT_CLASS = YES_ERROR;
				CLANG_WARN_UNREACHABLE_CODE = YES;
				CLANG_WARN__DUPLICATE_METHOD_MATCH = YES;
				"CODE_SIGN_IDENTITY[sdk=iphoneos*]" = "iPhone Developer";
				COPY_PHASE_STRIP = NO;
				ENABLE_STRICT_OBJC_MSGSEND = YES;
				GCC_C_LANGUAGE_STANDARD = gnu99;
				GCC_DYNAMIC_NO_PIC = NO;
				GCC_OPTIMIZATION_LEVEL = 0;
				GCC_PREPROCESSOR_DEFINITIONS = (
					"DEBUG=1",
					"$(inherited)",
				);
				GCC_SYMBOLS_PRIVATE_EXTERN = NO;
				GCC_WARN_64_TO_32_BIT_CONVERSION = YES;
				GCC_WARN_ABOUT_RETURN_TYPE = YES_ERROR;
				GCC_WARN_UNDECLARED_SELECTOR = YES;
				GCC_WARN_UNINITIALIZED_AUTOS = YES_AGGRESSIVE;
				GCC_WARN_UNUSED_FUNCTION = YES;
				GCC_WARN_UNUSED_VARIABLE = YES;
				IPHONEOS_DEPLOYMENT_TARGET = 8.0;
				MTL_ENABLE_DEBUG_INFO = YES;
				ONLY_ACTIVE_ARCH = YES;
				SDKROOT = iphoneos;
			};
			name = Debug;
		};
		0C77434919D0A926004FC08A /* Release */ = {
			isa = XCBuildConfiguration;
			buildSettings = {
				ALWAYS_SEARCH_USER_PATHS = NO;
				CLANG_CXX_LANGUAGE_STANDARD = "gnu++0x";
				CLANG_CXX_LIBRARY = "libc++";
				CLANG_ENABLE_MODULES = YES;
				CLANG_ENABLE_OBJC_ARC = YES;
				CLANG_WARN_BOOL_CONVERSION = YES;
				CLANG_WARN_CONSTANT_CONVERSION = YES;
				CLANG_WARN_DIRECT_OBJC_ISA_USAGE = YES_ERROR;
				CLANG_WARN_EMPTY_BODY = YES;
				CLANG_WARN_ENUM_CONVERSION = YES;
				CLANG_WARN_INT_CONVERSION = YES;
				CLANG_WARN_OBJC_ROOT_CLASS = YES_ERROR;
				CLANG_WARN_UNREACHABLE_CODE = YES;
				CLANG_WARN__DUPLICATE_METHOD_MATCH = YES;
				"CODE_SIGN_IDENTITY[sdk=iphoneos*]" = "iPhone Developer";
				COPY_PHASE_STRIP = YES;
				ENABLE_NS_ASSERTIONS = NO;
				ENABLE_STRICT_OBJC_MSGSEND = YES;
				GCC_C_LANGUAGE_STANDARD = gnu99;
				GCC_WARN_64_TO_32_BIT_CONVERSION = YES;
				GCC_WARN_ABOUT_RETURN_TYPE = YES_ERROR;
				GCC_WARN_UNDECLARED_SELECTOR = YES;
				GCC_WARN_UNINITIALIZED_AUTOS = YES_AGGRESSIVE;
				GCC_WARN_UNUSED_FUNCTION = YES;
				GCC_WARN_UNUSED_VARIABLE = YES;
				IPHONEOS_DEPLOYMENT_TARGET = 8.0;
				MTL_ENABLE_DEBUG_INFO = NO;
				SDKROOT = iphoneos;
				VALIDATE_PRODUCT = YES;
			};
			name = Release;
		};
		0C77434B19D0A926004FC08A /* Debug */ = {
			isa = XCBuildConfiguration;
			buildSettings = {
				ASSETCATALOG_COMPILER_APPICON_NAME = AppIcon;
				CLANG_ENABLE_MODULES = YES;
				INFOPLIST_FILE = PhotoFilters/Info.plist;
				LD_RUNPATH_SEARCH_PATHS = "$(inherited) @executable_path/Frameworks";
				PRODUCT_NAME = "$(TARGET_NAME)";
				SWIFT_OBJC_BRIDGING_HEADER = "PhotoFilters/PhotoFilters-Bridging-Header.h";
				SWIFT_OPTIMIZATION_LEVEL = "-Onone";
			};
			name = Debug;
		};
		0C77434C19D0A926004FC08A /* Release */ = {
			isa = XCBuildConfiguration;
			buildSettings = {
				ASSETCATALOG_COMPILER_APPICON_NAME = AppIcon;
				CLANG_ENABLE_MODULES = YES;
				INFOPLIST_FILE = PhotoFilters/Info.plist;
				LD_RUNPATH_SEARCH_PATHS = "$(inherited) @executable_path/Frameworks";
				PRODUCT_NAME = "$(TARGET_NAME)";
				SWIFT_OBJC_BRIDGING_HEADER = "PhotoFilters/PhotoFilters-Bridging-Header.h";
			};
			name = Release;
		};
		0C77434E19D0A926004FC08A /* Debug */ = {
			isa = XCBuildConfiguration;
			buildSettings = {
				BUNDLE_LOADER = "$(TEST_HOST)";
				FRAMEWORK_SEARCH_PATHS = (
					"$(SDKROOT)/Developer/Library/Frameworks",
					"$(inherited)",
				);
				GCC_PREPROCESSOR_DEFINITIONS = (
					"DEBUG=1",
					"$(inherited)",
				);
				INFOPLIST_FILE = PhotoFiltersTests/Info.plist;
				LD_RUNPATH_SEARCH_PATHS = "$(inherited) @executable_path/Frameworks @loader_path/Frameworks";
				PRODUCT_NAME = "$(TARGET_NAME)";
				TEST_HOST = "$(BUILT_PRODUCTS_DIR)/PhotoFilters.app/PhotoFilters";
			};
			name = Debug;
		};
		0C77434F19D0A926004FC08A /* Release */ = {
			isa = XCBuildConfiguration;
			buildSettings = {
				BUNDLE_LOADER = "$(TEST_HOST)";
				FRAMEWORK_SEARCH_PATHS = (
					"$(SDKROOT)/Developer/Library/Frameworks",
					"$(inherited)",
				);
				INFOPLIST_FILE = PhotoFiltersTests/Info.plist;
				LD_RUNPATH_SEARCH_PATHS = "$(inherited) @executable_path/Frameworks @loader_path/Frameworks";
				PRODUCT_NAME = "$(TARGET_NAME)";
				TEST_HOST = "$(BUILT_PRODUCTS_DIR)/PhotoFilters.app/PhotoFilters";
			};
			name = Release;
		};
/* End XCBuildConfiguration section */

/* Begin XCConfigurationList section */
		0C77431F19D0A926004FC08A /* Build configuration list for PBXProject "PhotoFilters" */ = {
			isa = XCConfigurationList;
			buildConfigurations = (
				0C77434819D0A926004FC08A /* Debug */,
				0C77434919D0A926004FC08A /* Release */,
			);
			defaultConfigurationIsVisible = 0;
			defaultConfigurationName = Release;
		};
		0C77434A19D0A926004FC08A /* Build configuration list for PBXNativeTarget "PhotoFilters" */ = {
			isa = XCConfigurationList;
			buildConfigurations = (
				0C77434B19D0A926004FC08A /* Debug */,
				0C77434C19D0A926004FC08A /* Release */,
			);
			defaultConfigurationIsVisible = 0;
			defaultConfigurationName = Release;
		};
		0C77434D19D0A926004FC08A /* Build configuration list for PBXNativeTarget "PhotoFiltersTests" */ = {
			isa = XCConfigurationList;
			buildConfigurations = (
				0C77434E19D0A926004FC08A /* Debug */,
				0C77434F19D0A926004FC08A /* Release */,
			);
			defaultConfigurationIsVisible = 0;
			defaultConfigurationName = Release;
		};
/* End XCConfigurationList section */

/* Begin XCVersionGroup section */
		0C77432E19D0A926004FC08A /* PhotoFilters.xcdatamodeld */ = {
			isa = XCVersionGroup;
			children = (
				0C77432F19D0A926004FC08A /* PhotoFilters.xcdatamodel */,
			);
			currentVersion = 0C77432F19D0A926004FC08A /* PhotoFilters.xcdatamodel */;
			path = PhotoFilters.xcdatamodeld;
			sourceTree = "<group>";
			versionGroupType = wrapper.xcdatamodel;
		};
/* End XCVersionGroup section */
	};
	rootObject = 0C77431C19D0A926004FC08A /* Project object */;
}
